
Microsoft Visual Studio Solution File, Format Version 12.00
# Visual Studio Version 17
VisualStudioVersion = 17.1.32228.430
MinimumVisualStudioVersion = 10.0.40219.1
Project("{9A19103F-16F7-4668-BE54-9A1E7A4F7556}") = "EnerginetDemo", "EnerginetDemo.csproj", "{4FEEE99D-9231-42F0-A31A-B34AD2CD3424}"
EndProject
Global
	GlobalSection(SolutionConfigurationPlatforms) = preSolution
		Debug|Any CPU = Debug|Any CPU
		Release|Any CPU = Release|Any CPU
	EndGlobalSection
	GlobalSection(ProjectConfigurationPlatforms) = postSolution
		{4FEEE99D-9231-42F0-A31A-B34AD2CD3424}.Debug|Any CPU.ActiveCfg = Debug|Any CPU
		{4FEEE99D-9231-42F0-A31A-B34AD2CD3424}.Debug|Any CPU.Build.0 = Debug|Any CPU
		{4FEEE99D-9231-42F0-A31A-B34AD2CD3424}.Release|Any CPU.ActiveCfg = Release|Any CPU
		{4FEEE99D-9231-42F0-A31A-B34AD2CD3424}.Release|Any CPU.Build.0 = Release|Any CPU
	EndGlobalSection
	GlobalSection(SolutionProperties) = preSolution
		HideSolutionNode = FALSE
	EndGlobalSection
	GlobalSection(ExtensibilityGlobals) = postSolution
		SolutionGuid = {E20EA49B-DC22-4277-88D2-251620520BC8}
	EndGlobalSection
EndGlobal
